github.com/apoydence/onpar v0.0.0-20181125144932-f2f06780798d h1:FRJKB4Wq559uXmSrWVyMtN3BQ+HYrN6gSdjhvvbCstk=
github.com/apoydence/onpar v0.0.0-20181125144932-f2f06780798d/go.mod h1:maauOJD0kdDqIz4xmkunipFVbBoTM6pFSy0kkWBcIUY=
github.com/inconshreveable/mousetrap v1.0.0 h1:Z8tu5sraLXCXIcARxBp/8cbvlwVa7Z1NHg9XEKhtSvM=
github.com/inconshreveable/mousetrap v1.0.0/go.mod h1:PxqpIevigyE2G7u3NXJIT2ANytuPF1OarO4DADm73n8=
github.com/poy/onpar v0.0.0-20181125144932-f2f06780798d h1:dG+BIeP2sDXC2AsX+P1Xvftxy+b4iYTfrDDkAIQB7VM=
github.com/poy/onpar v0.0.0-20181125144932-f2f06780798d/go.mod h1:nSbFQvMj97ZyhFRSJYtut+msi4sOY6zJDGCdSc+/rZU=
github.com/spf13/cobra v0.0.3 h1:ZlrZ4XsMRm04Fr5pSFxBgfND2EBVa1nLpiy1stUsX/8=
github.com/spf13/cobra v0.0.3/go.mod h1:1l0Ry5zgKvJasoi3XT1TypsSe7PqH0Sj9dhYf7v3XqQ=
github.com/spf13/pflag v1.0.3 h1:zPAT6CGy6wXeQ7NtTnaTerfKOsV6V6F8agHXFiazDkg=
github.com/spf13/pflag v1.0.3/go.mod h1:DYY7MBk1bdzusC3SYhjObp+wFpr4gzcvqqNjLnInEg4=
